
Microsoft Visual Studio Solution File, Format Version 12.00
# Visual Studio Version 17
VisualStudioVersion = 17.1.32228.430
MinimumVisualStudioVersion = 10.0.40219.1
Project("{FAE04EC0-301F-11D3-BF4B-00C04F79EFBC}") = "JsonWebTokensAPI", "JsonWebTokensAPI.csproj", "{ECFDB0EF-538B-49CF-BFC9-BFBA272FF83F}"
EndProject
Global
	GlobalSection(SolutionConfigurationPlatforms) = preSolution
		Debug|Any CPU = Debug|Any CPU
		Release|Any CPU = Release|Any CPU
	EndGlobalSection
	GlobalSection(ProjectConfigurationPlatforms) = postSolution
		{ECFDB0EF-538B-49CF-BFC9-BFBA272FF83F}.Debug|Any CPU.ActiveCfg = Debug|Any CPU
		{ECFDB0EF-538B-49CF-BFC9-BFBA272FF83F}.Debug|Any CPU.Build.0 = Debug|Any CPU
		{ECFDB0EF-538B-49CF-BFC9-BFBA272FF83F}.Release|Any CPU.ActiveCfg = Release|Any CPU
		{ECFDB0EF-538B-49CF-BFC9-BFBA272FF83F}.Release|Any CPU.Build.0 = Release|Any CPU
	EndGlobalSection
	GlobalSection(SolutionProperties) = preSolution
		HideSolutionNode = FALSE
	EndGlobalSection
	GlobalSection(ExtensibilityGlobals) = postSolution
		SolutionGuid = {BD5AA3B0-A3A6-4D29-843E-D91C64ABFF45}
	EndGlobalSection
EndGlobal
